
Microsoft Visual Studio Solution File, Format Version 12.00
# Visual Studio Version 17
VisualStudioVersion = 17.0.31919.166
MinimumVisualStudioVersion = 10.0.40219.1
Project("{9A19103F-16F7-4668-BE54-9A1E7A4F7556}") = "DgvFilterPopupDemo", "DgvFilterPopupDemo\DgvFilterPopupDemo.csproj", "{43EE2A60-830E-4FFD-B5CB-B397D94833A3}"
EndProject
Project("{9A19103F-16F7-4668-BE54-9A1E7A4F7556}") = "DgvFilterPopup", "DgvFilterPopup\DgvFilterPopup.csproj", "{838FC1D5-2B1B-4454-9A94-077CEF4EE27F}"
EndProject
Global
	GlobalSection(SolutionConfigurationPlatforms) = preSolution
		Debug|Any CPU = Debug|Any CPU
		Release|Any CPU = Release|Any CPU
	EndGlobalSection
	GlobalSection(ProjectConfigurationPlatforms) = postSolution
		{43EE2A60-830E-4FFD-B5CB-B397D94833A3}.Debug|Any CPU.ActiveCfg = Debug|Any CPU
		{43EE2A60-830E-4FFD-B5CB-B397D94833A3}.Debug|Any CPU.Build.0 = Debug|Any CPU
		{43EE2A60-830E-4FFD-B5CB-B397D94833A3}.Release|Any CPU.ActiveCfg = Release|Any CPU
		{43EE2A60-830E-4FFD-B5CB-B397D94833A3}.Release|Any CPU.Build.0 = Release|Any CPU
		{838FC1D5-2B1B-4454-9A94-077CEF4EE27F}.Debug|Any CPU.ActiveCfg = Debug|Any CPU
		{838FC1D5-2B1B-4454-9A94-077CEF4EE27F}.Debug|Any CPU.Build.0 = Debug|Any CPU
		{838FC1D5-2B1B-4454-9A94-077CEF4EE27F}.Release|Any CPU.ActiveCfg = Release|Any CPU
		{838FC1D5-2B1B-4454-9A94-077CEF4EE27F}.Release|Any CPU.Build.0 = Release|Any CPU
	EndGlobalSection
	GlobalSection(SolutionProperties) = preSolution
		HideSolutionNode = FALSE
	EndGlobalSection
	GlobalSection(ExtensibilityGlobals) = postSolution
		SolutionGuid = {6D1AB7DF-9417-4E41-8975-583A09BEAF1E}
	EndGlobalSection
EndGlobal
